// !$*UTF8*$!
{
	archiveVersion = 1;
	classes = {
	};
	objectVersion = 46;
	objects = {

/* Begin PBXBuildFile section */
		48D2329F58B4791487A78CA8 /* libPods-ZeusAudio.a in Frameworks */ = {isa = PBXBuildFile; fileRef = 8D059309CA61422D1124332A /* libPods-ZeusAudio.a */; };
		7A02FF421E0D2D5300A54A63 /* ZAAudioUtils.m in Sources */ = {isa = PBXBuildFile; fileRef = 7A02FF411E0D2D5300A54A63 /* ZAAudioUtils.m */; };
		7A589A871E0A813D00A53FCD /* main.m in Sources */ = {isa = PBXBuildFile; fileRef = 7A589A861E0A813D00A53FCD /* main.m */; };
		7A589A8A1E0A813D00A53FCD /* AppDelegate.m in Sources */ = {isa = PBXBuildFile; fileRef = 7A589A891E0A813D00A53FCD /* AppDelegate.m */; };
		7A589A8D1E0A813D00A53FCD /* ViewController.m in Sources */ = {isa = PBXBuildFile; fileRef = 7A589A8C1E0A813D00A53FCD /* ViewController.m */; };
		7A589A921E0A813D00A53FCD /* Assets.xcassets in Resources */ = {isa = PBXBuildFile; fileRef = 7A589A911E0A813D00A53FCD /* Assets.xcassets */; };
		7A589A951E0A813D00A53FCD /* LaunchScreen.storyboard in Resources */ = {isa = PBXBuildFile; fileRef = 7A589A931E0A813D00A53FCD /* LaunchScreen.storyboard */; };
		7A589A9E1E0A83D200A53FCD /* ZAViewController.m in Sources */ = {isa = PBXBuildFile; fileRef = 7A589A9D1E0A83D200A53FCD /* ZAViewController.m */; };
		7A589AA11E0A86DD00A53FCD /* ZANavigationController.m in Sources */ = {isa = PBXBuildFile; fileRef = 7A589AA01E0A86DD00A53FCD /* ZANavigationController.m */; };
		7A589AA41E0AB96F00A53FCD /* UIColor+ZAHex.m in Sources */ = {isa = PBXBuildFile; fileRef = 7A589AA31E0AB96F00A53FCD /* UIColor+ZAHex.m */; };
		7A589AA71E0AC14500A53FCD /* nav_right_bar@2x.png in Resources */ = {isa = PBXBuildFile; fileRef = 7A589AA61E0AC14500A53FCD /* nav_right_bar@2x.png */; };
		7A589AAA1E0AC4DE00A53FCD /* ZAWaveformView.m in Sources */ = {isa = PBXBuildFile; fileRef = 7A589AA91E0AC4DE00A53FCD /* ZAWaveformView.m */; };
		7A589AAD1E0B655800A53FCD /* ZAControlPanel.m in Sources */ = {isa = PBXBuildFile; fileRef = 7A589AAC1E0B655800A53FCD /* ZAControlPanel.m */; };
		7A589AB01E0B70DD00A53FCD /* ZANamePanel.m in Sources */ = {isa = PBXBuildFile; fileRef = 7A589AAF1E0B70DD00A53FCD /* ZANamePanel.m */; };
		7A589ABB1E0D19FC00A53FCD /* ZARecordEngine.m in Sources */ = {isa = PBXBuildFile; fileRef = 7A589ABA1E0D19FC00A53FCD /* ZARecordEngine.m */; };
/* End PBXBuildFile section */

/* Begin PBXFileReference section */
		42C8F6CFCA2EEE6D121FBAAF /* Pods-ZeusAudio.debug.xcconfig */ = {isa = PBXFileReference; includeInIndex = 1; lastKnownFileType = text.xcconfig; name = "Pods-ZeusAudio.debug.xcconfig"; path = "Pods/Target Support Files/Pods-ZeusAudio/Pods-ZeusAudio.debug.xcconfig"; sourceTree = "<group>"; };
		7A02FF401E0D2D5300A54A63 /* ZAAudioUtils.h */ = {isa = PBXFileReference; fileEncoding = 4; lastKnownFileType = sourcecode.c.h; path = ZAAudioUtils.h; sourceTree = "<group>"; };
		7A02FF411E0D2D5300A54A63 /* ZAAudioUtils.m */ = {isa = PBXFileReference; fileEncoding = 4; lastKnownFileType = sourcecode.c.objc; path = ZAAudioUtils.m; sourceTree = "<group>"; };
		7A589A821E0A813D00A53FCD /* ZeusAudio.app */ = {isa = PBXFileReference; explicitFileType = wrapper.application; includeInIndex = 0; path = ZeusAudio.app; sourceTree = BUILT_PRODUCTS_DIR; };
		7A589A861E0A813D00A53FCD /* main.m */ = {isa = PBXFileReference; lastKnownFileType = sourcecode.c.objc; path = main.m; sourceTree = "<group>"; };
		7A589A881E0A813D00A53FCD /* AppDelegate.h */ = {isa = PBXFileReference; lastKnownFileType = sourcecode.c.h; path = AppDelegate.h; sourceTree = "<group>"; };
		7A589A891E0A813D00A53FCD /* AppDelegate.m */ = {isa = PBXFileReference; lastKnownFileType = sourcecode.c.objc; path = AppDelegate.m; sourceTree = "<group>"; };
		7A589A8B1E0A813D00A53FCD /* ViewController.h */ = {isa = PBXFileReference; lastKnownFileType = sourcecode.c.h; path = ViewController.h; sourceTree = "<group>"; };
		7A589A8C1E0A813D00A53FCD /* ViewController.m */ = {isa = PBXFileReference; lastKnownFileType = sourcecode.c.objc; path = ViewController.m; sourceTree = "<group>"; };
		7A589A911E0A813D00A53FCD /* Assets.xcassets */ = {isa = PBXFileReference; lastKnownFileType = folder.assetcatalog; path = Assets.xcassets; sourceTree = "<group>"; };
		7A589A941E0A813D00A53FCD /* Base */ = {isa = PBXFileReference; lastKnownFileType = file.storyboard; name = Base; path = Base.lproj/LaunchScreen.storyboard; sourceTree = "<group>"; };
		7A589A961E0A813D00A53FCD /* Info.plist */ = {isa = PBXFileReference; lastKnownFileType = text.plist.xml; path = Info.plist; sourceTree = "<group>"; };
		7A589A9C1E0A83D200A53FCD /* ZAViewController.h */ = {isa = PBXFileReference; fileEncoding = 4; lastKnownFileType = sourcecode.c.h; path = ZAViewController.h; sourceTree = "<group>"; };
		7A589A9D1E0A83D200A53FCD /* ZAViewController.m */ = {isa = PBXFileReference; fileEncoding = 4; lastKnownFileType = sourcecode.c.objc; path = ZAViewController.m; sourceTree = "<group>"; };
		7A589A9F1E0A86DD00A53FCD /* ZANavigationController.h */ = {isa = PBXFileReference; fileEncoding = 4; lastKnownFileType = sourcecode.c.h; path = ZANavigationController.h; sourceTree = "<group>"; };
		7A589AA01E0A86DD00A53FCD /* ZANavigationController.m */ = {isa = PBXFileReference; fileEncoding = 4; lastKnownFileType = sourcecode.c.objc; path = ZANavigationController.m; sourceTree = "<group>"; };
		7A589AA21E0AB96F00A53FCD /* UIColor+ZAHex.h */ = {isa = PBXFileReference; fileEncoding = 4; lastKnownFileType = sourcecode.c.h; path = "UIColor+ZAHex.h"; sourceTree = "<group>"; };
		7A589AA31E0AB96F00A53FCD /* UIColor+ZAHex.m */ = {isa = PBXFileReference; fileEncoding = 4; lastKnownFileType = sourcecode.c.objc; path = "UIColor+ZAHex.m"; sourceTree = "<group>"; };
		7A589AA61E0AC14500A53FCD /* nav_right_bar@2x.png */ = {isa = PBXFileReference; lastKnownFileType = image.png; path = "nav_right_bar@2x.png"; sourceTree = "<group>"; };
		7A589AA81E0AC4DE00A53FCD /* ZAWaveformView.h */ = {isa = PBXFileReference; fileEncoding = 4; lastKnownFileType = sourcecode.c.h; path = ZAWaveformView.h; sourceTree = "<group>"; };
		7A589AA91E0AC4DE00A53FCD /* ZAWaveformView.m */ = {isa = PBXFileReference; fileEncoding = 4; lastKnownFileType = sourcecode.c.objc; path = ZAWaveformView.m; sourceTree = "<group>"; };
		7A589AAB1E0B655800A53FCD /* ZAControlPanel.h */ = {isa = PBXFileReference; fileEncoding = 4; lastKnownFileType = sourcecode.c.h; path = ZAControlPanel.h; sourceTree = "<group>"; };
		7A589AAC1E0B655800A53FCD /* ZAControlPanel.m */ = {isa = PBXFileReference; fileEncoding = 4; lastKnownFileType = sourcecode.c.objc; path = ZAControlPanel.m; sourceTree = "<group>"; };
		7A589AAE1E0B70DD00A53FCD /* ZANamePanel.h */ = {isa = PBXFileReference; fileEncoding = 4; lastKnownFileType = sourcecode.c.h; path = ZANamePanel.h; sourceTree = "<group>"; };
		7A589AAF1E0B70DD00A53FCD /* ZANamePanel.m */ = {isa = PBXFileReference; fileEncoding = 4; lastKnownFileType = sourcecode.c.objc; path = ZANamePanel.m; sourceTree = "<group>"; };
		7A589AB11E0BD74600A53FCD /* PrefixHeader.pch */ = {isa = PBXFileReference; fileEncoding = 4; lastKnownFileType = sourcecode.c.h; path = PrefixHeader.pch; sourceTree = "<group>"; };
		7A589AB91E0D19FC00A53FCD /* ZARecordEngine.h */ = {isa = PBXFileReference; fileEncoding = 4; lastKnownFileType = sourcecode.c.h; path = ZARecordEngine.h; sourceTree = "<group>"; };
		7A589ABA1E0D19FC00A53FCD /* ZARecordEngine.m */ = {isa = PBXFileReference; fileEncoding = 4; lastKnownFileType = sourcecode.c.objc; path = ZARecordEngine.m; sourceTree = "<group>"; };
		8D059309CA61422D1124332A /* libPods-ZeusAudio.a */ = {isa = PBXFileReference; explicitFileType = archive.ar; includeInIndex = 0; path = "libPods-ZeusAudio.a"; sourceTree = BUILT_PRODUCTS_DIR; };
		9747831339EB0C52A1FA9E18 /* Pods.debug.xcconfig */ = {isa = PBXFileReference; includeInIndex = 1; lastKnownFileType = text.xcconfig; name = Pods.debug.xcconfig; path = "Pods/Target Support Files/Pods/Pods.debug.xcconfig"; sourceTree = "<group>"; };
		9BF0D8EFE810FE6C3A1F91D9 /* Pods.release.xcconfig */ = {isa = PBXFileReference; includeInIndex = 1; lastKnownFileType = text.xcconfig; name = Pods.release.xcconfig; path = "Pods/Target Support Files/Pods/Pods.release.xcconfig"; sourceTree = "<group>"; };
		C88BF2AE005E125723D78E0A /* libPods.a */ = {isa = PBXFileReference; explicitFileType = archive.ar; includeInIndex = 0; path = libPods.a; sourceTree = BUILT_PRODUCTS_DIR; };
		F553D34922CB64442E3E9BA2 /* Pods-ZeusAudio.release.xcconfig */ = {isa = PBXFileReference; includeInIndex = 1; lastKnownFileType = text.xcconfig; name = "Pods-ZeusAudio.release.xcconfig"; path = "Pods/Target Support Files/Pods-ZeusAudio/Pods-ZeusAudio.release.xcconfig"; sourceTree = "<group>"; };
/* End PBXFileReference section */

/* Begin PBXFrameworksBuildPhase section */
		7A589A7F1E0A813D00A53FCD /* Frameworks */ = {
			isa = PBXFrameworksBuildPhase;
			buildActionMask = 2147483647;
			files = (
				48D2329F58B4791487A78CA8 /* libPods-ZeusAudio.a in Frameworks */,
			);
			runOnlyForDeploymentPostprocessing = 0;
		};
/* End PBXFrameworksBuildPhase section */

/* Begin PBXGroup section */
		7A589A791E0A813D00A53FCD = {
			isa = PBXGroup;
			children = (
				7A589A841E0A813D00A53FCD /* ZeusAudio */,
				7A589A831E0A813D00A53FCD /* Products */,
				A9645E70D0E126DF3B1EBFAB /* Pods */,
				C28E742F331350AE80AC3259 /* Frameworks */,
			);
			sourceTree = "<group>";
		};
		7A589A831E0A813D00A53FCD /* Products */ = {
			isa = PBXGroup;
			children = (
				7A589A821E0A813D00A53FCD /* ZeusAudio.app */,
			);
			name = Products;
			sourceTree = "<group>";
		};
		7A589A841E0A813D00A53FCD /* ZeusAudio */ = {
			isa = PBXGroup;
			children = (
				7A589AA51E0ABC9D00A53FCD /* Resources */,
				7A589A881E0A813D00A53FCD /* AppDelegate.h */,
				7A589A891E0A813D00A53FCD /* AppDelegate.m */,
				7A589A8B1E0A813D00A53FCD /* ViewController.h */,
				7A589A8C1E0A813D00A53FCD /* ViewController.m */,
				7A589A911E0A813D00A53FCD /* Assets.xcassets */,
				7A589A931E0A813D00A53FCD /* LaunchScreen.storyboard */,
				7A589A961E0A813D00A53FCD /* Info.plist */,
				7A589A851E0A813D00A53FCD /* Supporting Files */,
				7A589A9C1E0A83D200A53FCD /* ZAViewController.h */,
				7A589A9D1E0A83D200A53FCD /* ZAViewController.m */,
				7A589A9F1E0A86DD00A53FCD /* ZANavigationController.h */,
				7A589AA01E0A86DD00A53FCD /* ZANavigationController.m */,
				7A589AA21E0AB96F00A53FCD /* UIColor+ZAHex.h */,
				7A589AA31E0AB96F00A53FCD /* UIColor+ZAHex.m */,
				7A589AA81E0AC4DE00A53FCD /* ZAWaveformView.h */,
				7A589AA91E0AC4DE00A53FCD /* ZAWaveformView.m */,
				7A589AAB1E0B655800A53FCD /* ZAControlPanel.h */,
				7A589AAC1E0B655800A53FCD /* ZAControlPanel.m */,
				7A589AAE1E0B70DD00A53FCD /* ZANamePanel.h */,
				7A589AAF1E0B70DD00A53FCD /* ZANamePanel.m */,
				7A589AB11E0BD74600A53FCD /* PrefixHeader.pch */,
				7A589AB91E0D19FC00A53FCD /* ZARecordEngine.h */,
				7A589ABA1E0D19FC00A53FCD /* ZARecordEngine.m */,
				7A02FF401E0D2D5300A54A63 /* ZAAudioUtils.h */,
				7A02FF411E0D2D5300A54A63 /* ZAAudioUtils.m */,
			);
			path = ZeusAudio;
			sourceTree = "<group>";
		};
		7A589A851E0A813D00A53FCD /* Supporting Files */ = {
			isa = PBXGroup;
			children = (
				7A589A861E0A813D00A53FCD /* main.m */,
			);
			name = "Supporting Files";
			sourceTree = "<group>";
		};
		7A589AA51E0ABC9D00A53FCD /* Resources */ = {
			isa = PBXGroup;
			children = (
				7A589AA61E0AC14500A53FCD /* nav_right_bar@2x.png */,
			);
			path = Resources;
			sourceTree = "<group>";
		};
		A9645E70D0E126DF3B1EBFAB /* Pods */ = {
			isa = PBXGroup;
			children = (
				9747831339EB0C52A1FA9E18 /* Pods.debug.xcconfig */,
				9BF0D8EFE810FE6C3A1F91D9 /* Pods.release.xcconfig */,
				42C8F6CFCA2EEE6D121FBAAF /* Pods-ZeusAudio.debug.xcconfig */,
				F553D34922CB64442E3E9BA2 /* Pods-ZeusAudio.release.xcconfig */,
			);
			name = Pods;
			sourceTree = "<group>";
		};
		C28E742F331350AE80AC3259 /* Frameworks */ = {
			isa = PBXGroup;
			children = (
				C88BF2AE005E125723D78E0A /* libPods.a */,
				8D059309CA61422D1124332A /* libPods-ZeusAudio.a */,
			);
			name = Frameworks;
			sourceTree = "<group>";
		};
/* End PBXGroup section */

/* Begin PBXNativeTarget section */
		7A589A811E0A813D00A53FCD /* ZeusAudio */ = {
			isa = PBXNativeTarget;
			buildConfigurationList = 7A589A991E0A813D00A53FCD /* Build configuration list for PBXNativeTarget "ZeusAudio" */;
			buildPhases = (
				99C5CE0672F5C9B6F7A9BD7C /* [CP] Check Pods Manifest.lock */,
				7A589A7E1E0A813D00A53FCD /* Sources */,
				7A589A7F1E0A813D00A53FCD /* Frameworks */,
				7A589A801E0A813D00A53FCD /* Resources */,
				5306A938D4393F26199B83C1 /* [CP] Embed Pods Frameworks */,
				206961175D233EC6E34218DB /* [CP] Copy Pods Resources */,
			);
			buildRules = (
			);
			dependencies = (
			);
			name = ZeusAudio;
			productName = ZeusAudio;
			productReference = 7A589A821E0A813D00A53FCD /* ZeusAudio.app */;
			productType = "com.apple.product-type.application";
		};
/* End PBXNativeTarget section */

/* Begin PBXProject section */
		7A589A7A1E0A813D00A53FCD /* Project object */ = {
			isa = PBXProject;
			attributes = {
				LastUpgradeCheck = 0820;
				ORGANIZATIONNAME = LingChen;
				TargetAttributes = {
					7A589A811E0A813D00A53FCD = {
						CreatedOnToolsVersion = 8.2;
						DevelopmentTeam = T27K5A5ZWD;
						ProvisioningStyle = Automatic;
					};
				};
			};
			buildConfigurationList = 7A589A7D1E0A813D00A53FCD /* Build configuration list for PBXProject "ZeusAudio" */;
			compatibilityVersion = "Xcode 3.2";
			developmentRegion = English;
			hasScannedForEncodings = 0;
			knownRegions = (
				en,
				Base,
			);
			mainGroup = 7A589A791E0A813D00A53FCD;
			productRefGroup = 7A589A831E0A813D00A53FCD /* Products */;
			projectDirPath = "";
			projectRoot = "";
			targets = (
				7A589A811E0A813D00A53FCD /* ZeusAudio */,
			);
		};
/* End PBXProject section */

/* Begin PBXResourcesBuildPhase section */
		7A589A801E0A813D00A53FCD /* Resources */ = {
			isa = PBXResourcesBuildPhase;
			buildActionMask = 2147483647;
			files = (
				7A589A951E0A813D00A53FCD /* LaunchScreen.storyboard in Resources */,
				7A589A921E0A813D00A53FCD /* Assets.xcassets in Resources */,
				7A589AA71E0AC14500A53FCD /* nav_right_bar@2x.png in Resources */,
			);
			runOnlyForDeploymentPostprocessing = 0;
		};
/* End PBXResourcesBuildPhase section */

/* Begin PBXShellScriptBuildPhase section */
		206961175D233EC6E34218DB /* [CP] Copy Pods Resources */ = {
			isa = PBXShellScriptBuildPhase;
			buildActionMask = 2147483647;
			files = (
			);
			inputPaths = (
			);
			name = "[CP] Copy Pods Resources";
			outputPaths = (
			);
			runOnlyForDeploymentPostprocessing = 0;
			shellPath = /bin/sh;
			shellScript = "\"${SRCROOT}/Pods/Target Support Files/Pods-ZeusAudio/Pods-ZeusAudio-resources.sh\"\n";
			showEnvVarsInLog = 0;
		};
		5306A938D4393F26199B83C1 /* [CP] Embed Pods Frameworks */ = {
			isa = PBXShellScriptBuildPhase;
			buildActionMask = 2147483647;
			files = (
			);
			inputPaths = (
			);
			name = "[CP] Embed Pods Frameworks";
			outputPaths = (
			);
			runOnlyForDeploymentPostprocessing = 0;
			shellPath = /bin/sh;
			shellScript = "\"${SRCROOT}/Pods/Target Support Files/Pods-ZeusAudio/Pods-ZeusAudio-frameworks.sh\"\n";
			showEnvVarsInLog = 0;
		};
		99C5CE0672F5C9B6F7A9BD7C /* [CP] Check Pods Manifest.lock */ = {
			isa = PBXShellScriptBuildPhase;
			buildActionMask = 2147483647;
			files = (
			);
			inputPaths = (
			);
			name = "[CP] Check Pods Manifest.lock";
			outputPaths = (
			);
			runOnlyForDeploymentPostprocessing = 0;
			shellPath = /bin/sh;
			shellScript = "diff \"${PODS_ROOT}/../Podfile.lock\" \"${PODS_ROOT}/Manifest.lock\" > /dev/null\nif [ $? != 0 ] ; then\n    # print error to STDERR\n    echo \"error: The sandbox is not in sync with the Podfile.lock. Run 'pod install' or update your CocoaPods installation.\" >&2\n    exit 1\nfi\n";
			showEnvVarsInLog = 0;
		};
/* End PBXShellScriptBuildPhase section */

/* Begin PBXSourcesBuildPhase section */
		7A589A7E1E0A813D00A53FCD /* Sources */ = {
			isa = PBXSourcesBuildPhase;
			buildActionMask = 2147483647;
			files = (
				7A589A8D1E0A813D00A53FCD /* ViewController.m in Sources */,
				7A589AB01E0B70DD00A53FCD /* ZANamePanel.m in Sources */,
				7A589AAA1E0AC4DE00A53FCD /* ZAWaveformView.m in Sources */,
				7A589A8A1E0A813D00A53FCD /* AppDelegate.m in Sources */,
				7A589AA41E0AB96F00A53FCD /* UIColor+ZAHex.m in Sources */,
				7A589A871E0A813D00A53FCD /* main.m in Sources */,
				7A02FF421E0D2D5300A54A63 /* ZAAudioUtils.m in Sources */,
				7A589AA11E0A86DD00A53FCD /* ZANavigationController.m in Sources */,
				7A589A9E1E0A83D200A53FCD /* ZAViewController.m in Sources */,
				7A589AAD1E0B655800A53FCD /* ZAControlPanel.m in Sources */,
				7A589ABB1E0D19FC00A53FCD /* ZARecordEngine.m in Sources */,
			);
			runOnlyForDeploymentPostprocessing = 0;
		};
/* End PBXSourcesBuildPhase section */

/* Begin PBXVariantGroup section */
		7A589A931E0A813D00A53FCD /* LaunchScreen.storyboard */ = {
			isa = PBXVariantGroup;
			children = (
				7A589A941E0A813D00A53FCD /* Base */,
			);
			name = LaunchScreen.storyboard;
			sourceTree = "<group>";
		};
/* End PBXVariantGroup section */

/* Begin XCBuildConfiguration section */
		7A589A971E0A813D00A53FCD /* Debug */ = {
			isa = XCBuildConfiguration;
			buildSettings = {
				ALWAYS_SEARCH_USER_PATHS = NO;
				CLANG_ANALYZER_NONNULL = YES;
				CLANG_CXX_LANGUAGE_STANDARD = "gnu++0x";
				CLANG_CXX_LIBRARY = "libc++";
				CLANG_ENABLE_MODULES = YES;
				CLANG_ENABLE_OBJC_ARC = YES;
				CLANG_WARN_BOOL_CONVERSION = YES;
				CLANG_WARN_CONSTANT_CONVERSION = YES;
				CLANG_WARN_DIRECT_OBJC_ISA_USAGE = YES_ERROR;
				CLANG_WARN_DOCUMENTATION_COMMENTS = YES;
				CLANG_WARN_EMPTY_BODY = YES;
				CLANG_WARN_ENUM_CONVERSION = YES;
				CLANG_WARN_INFINITE_RECURSION = YES;
				CLANG_WARN_INT_CONVERSION = YES;
				CLANG_WARN_OBJC_ROOT_CLASS = YES_ERROR;
				CLANG_WARN_SUSPICIOUS_MOVE = YES;
				CLANG_WARN_UNREACHABLE_CODE = YES;
				CLANG_WARN__DUPLICATE_METHOD_MATCH = YES;
				"CODE_SIGN_IDENTITY[sdk=iphoneos*]" = "iPhone Developer";
				COPY_PHASE_STRIP = NO;
				DEBUG_INFORMATION_FORMAT = dwarf;
				ENABLE_STRICT_OBJC_MSGSEND = YES;
				ENABLE_TESTABILITY = YES;
				GCC_C_LANGUAGE_STANDARD = gnu99;
				GCC_DYNAMIC_NO_PIC = NO;
				GCC_NO_COMMON_BLOCKS = YES;
				GCC_OPTIMIZATION_LEVEL = 0;
				GCC_PREPROCESSOR_DEFINITIONS = (
					"DEBUG=1",
					"$(inherited)",
				);
				GCC_WARN_64_TO_32_BIT_CONVERSION = YES;
				GCC_WARN_ABOUT_RETURN_TYPE = YES_ERROR;
				GCC_WARN_UNDECLARED_SELECTOR = YES;
				GCC_WARN_UNINITIALIZED_AUTOS = YES_AGGRESSIVE;
				GCC_WARN_UNUSED_FUNCTION = YES;
				GCC_WARN_UNUSED_VARIABLE = YES;
				IPHONEOS_DEPLOYMENT_TARGET = 8.0;
				MTL_ENABLE_DEBUG_INFO = YES;
				ONLY_ACTIVE_ARCH = YES;
				SDKROOT = iphoneos;
				TARGETED_DEVICE_FAMILY = "1,2";
			};
			name = Debug;
		};
		7A589A981E0A813D00A53FCD /* Release */ = {
			isa = XCBuildConfiguration;
			buildSettings = {
				ALWAYS_SEARCH_USER_PATHS = NO;
				CLANG_ANALYZER_NONNULL = YES;
				CLANG_CXX_LANGUAGE_STANDARD = "gnu++0x";
				CLANG_CXX_LIBRARY = "libc++";
				CLANG_ENABLE_MODULES = YES;
				CLANG_ENABLE_OBJC_ARC = YES;
				CLANG_WARN_BOOL_CONVERSION = YES;
				CLANG_WARN_CONSTANT_CONVERSION = YES;
				CLANG_WARN_DIRECT_OBJC_ISA_USAGE = YES_ERROR;
				CLANG_WARN_DOCUMENTATION_COMMENTS = YES;
				CLANG_WARN_EMPTY_BODY = YES;
				CLANG_WARN_ENUM_CONVERSION = YES;
				CLANG_WARN_INFINITE_RECURSION = YES;
				CLANG_WARN_INT_CONVERSION = YES;
				CLANG_WARN_OBJC_ROOT_CLASS = YES_ERROR;
				CLANG_WARN_SUSPICIOUS_MOVE = YES;
				CLANG_WARN_UNREACHABLE_CODE = YES;
				CLANG_WARN__DUPLICATE_METHOD_MATCH = YES;
				"CODE_SIGN_IDENTITY[sdk=iphoneos*]" = "iPhone Developer";
				COPY_PHASE_STRIP = NO;
				DEBUG_INFORMATION_FORMAT = "dwarf-with-dsym";
				ENABLE_NS_ASSERTIONS = NO;
				ENABLE_STRICT_OBJC_MSGSEND = YES;
				GCC_C_LANGUAGE_STANDARD = gnu99;
				GCC_NO_COMMON_BLOCKS = YES;
				GCC_WARN_64_TO_32_BIT_CONVERSION = YES;
				GCC_WARN_ABOUT_RETURN_TYPE = YES_ERROR;
				GCC_WARN_UNDECLARED_SELECTOR = YES;
				GCC_WARN_UNINITIALIZED_AUTOS = YES_AGGRESSIVE;
				GCC_WARN_UNUSED_FUNCTION = YES;
				GCC_WARN_UNUSED_VARIABLE = YES;
				IPHONEOS_DEPLOYMENT_TARGET = 8.0;
				MTL_ENABLE_DEBUG_INFO = NO;
				SDKROOT = iphoneos;
				TARGETED_DEVICE_FAMILY = "1,2";
				VALIDATE_PRODUCT = YES;
			};
			name = Release;
		};
		7A589A9A1E0A813D00A53FCD /* Debug */ = {
			isa = XCBuildConfiguration;
			baseConfigurationReference = 42C8F6CFCA2EEE6D121FBAAF /* Pods-ZeusAudio.debug.xcconfig */;
			buildSettings = {
				ASSETCATALOG_COMPILER_APPICON_NAME = AppIcon;
				CLANG_ALLOW_NON_MODULAR_INCLUDES_IN_FRAMEWORK_MODULES = YES;
				DEVELOPMENT_TEAM = T27K5A5ZWD;
				HEADER_SEARCH_PATHS = (
					"$(PODS_ROOT)/Headers/Public/TBLiveStream/videocore",
					"$(inherited)",
					"\"${PODS_ROOT}/Headers/Public\"",
					"\"${PODS_ROOT}/Headers/Public/ARUP\"",
					"\"${PODS_ROOT}/Headers/Public/AliVfsBundle\"",
					"\"${PODS_ROOT}/Headers/Public/AliVfsDB\"",
					"\"${PODS_ROOT}/Headers/Public/AliVfsMonitor\"",
					"\"${PODS_ROOT}/Headers/Public/AliVfsSDK\"",
					"\"${PODS_ROOT}/Headers/Public/FMDB\"",
					"\"${PODS_ROOT}/Headers/Public/FaceLivenessSDK\"",
					"\"${PODS_ROOT}/Headers/Public/FileMD5Hash\"",
					"\"${PODS_ROOT}/Headers/Public/Masonry\"",
					"\"${PODS_ROOT}/Headers/Public/MessageKit\"",
					"\"${PODS_ROOT}/Headers/Public/MirrorSDK\"",
					"\"${PODS_ROOT}/Headers/Public/MtopSDK\"",
					"\"${PODS_ROOT}/Headers/Public/NetworkSDK\"",
					"\"${PODS_ROOT}/Headers/Public/PowerMsg\"",
					"\"${PODS_ROOT}/Headers/Public/PushCenterSDK\"",
					"\"${PODS_ROOT}/Headers/Public/Reachability\"",
					"\"${PODS_ROOT}/Headers/Public/SDWebImage\"",
					"\"${PODS_ROOT}/Headers/Public/SGMain\"",
					"\"${PODS_ROOT}/Headers/Public/SGNoCaptcha\"",
					"\"${PODS_ROOT}/Headers/Public/SGSecurityBody\"",
					"\"${PODS_ROOT}/Headers/Public/SGUATrace\"",
					"\"${PODS_ROOT}/Headers/Public/SecurityGuardSDK\"",
					"\"${PODS_ROOT}/Headers/Public/TBAccsSDK\"",
					"\"${PODS_ROOT}/Headers/Public/TBDataTransfer\"",
					"\"${PODS_ROOT}/Headers/Public/TBLiveStream\"",
					"\"${PODS_ROOT}/Headers/Public/TBMacroConfig\"",
					"\"${PODS_ROOT}/Headers/Public/TBProtobuf\"",
					"\"${PODS_ROOT}/Headers/Public/TBVideoToolKit\"",
					"\"${PODS_ROOT}/Headers/Public/TMLivePlayerSDK\"",
					"\"${PODS_ROOT}/Headers/Public/TRDEngine\"",
					"\"${PODS_ROOT}/Headers/Public/UTDID\"",
					"\"${PODS_ROOT}/Headers/Public/UriParser-cpp\"",
					"\"${PODS_ROOT}/Headers/Public/UserTrack\"",
					"\"${PODS_ROOT}/Headers/Public/WindVane\"",
					"\"${PODS_ROOT}/Headers/Public/ZipArchive\"",
					"\"${PODS_ROOT}/Headers/Public/glm\"",
					"\"${PODS_ROOT}/Headers/Public/mtopext\"",
					"\"${PODS_ROOT}/Headers/Public/orange\"",
					"\"${PODS_ROOT}/Headers/Public/tnet\"",
				);
				INFOPLIST_FILE = ZeusAudio/Info.plist;
				LD_RUNPATH_SEARCH_PATHS = "$(inherited) @executable_path/Frameworks";
				PRODUCT_BUNDLE_IDENTIFIER = com.lingchen.ZeusAudio;
				PRODUCT_NAME = "$(TARGET_NAME)";
			};
			name = Debug;
		};
		7A589A9B1E0A813D00A53FCD /* Release */ = {
			isa = XCBuildConfiguration;
			baseConfigurationReference = F553D34922CB64442E3E9BA2 /* Pods-ZeusAudio.release.xcconfig */;
			buildSettings = {
				ASSETCATALOG_COMPILER_APPICON_NAME = AppIcon;
				CLANG_ALLOW_NON_MODULAR_INCLUDES_IN_FRAMEWORK_MODULES = YES;
				DEVELOPMENT_TEAM = T27K5A5ZWD;
				HEADER_SEARCH_PATHS = (
					"$(PODS_ROOT)/Headers/Public/TBLiveStream/videocore",
					"$(inherited)",
					"\"${PODS_ROOT}/Headers/Public\"",
					"\"${PODS_ROOT}/Headers/Public/ARUP\"",
					"\"${PODS_ROOT}/Headers/Public/AliVfsBundle\"",
					"\"${PODS_ROOT}/Headers/Public/AliVfsDB\"",
					"\"${PODS_ROOT}/Headers/Public/AliVfsMonitor\"",
					"\"${PODS_ROOT}/Headers/Public/AliVfsSDK\"",
					"\"${PODS_ROOT}/Headers/Public/FMDB\"",
					"\"${PODS_ROOT}/Headers/Public/FaceLivenessSDK\"",
					"\"${PODS_ROOT}/Headers/Public/FileMD5Hash\"",
					"\"${PODS_ROOT}/Headers/Public/Masonry\"",
					"\"${PODS_ROOT}/Headers/Public/MessageKit\"",
					"\"${PODS_ROOT}/Headers/Public/MirrorSDK\"",
					"\"${PODS_ROOT}/Headers/Public/MtopSDK\"",
					"\"${PODS_ROOT}/Headers/Public/NetworkSDK\"",
					"\"${PODS_ROOT}/Headers/Public/PowerMsg\"",
					"\"${PODS_ROOT}/Headers/Public/PushCenterSDK\"",
					"\"${PODS_ROOT}/Headers/Public/Reachability\"",
					"\"${PODS_ROOT}/Headers/Public/SDWebImage\"",
					"\"${PODS_ROOT}/Headers/Public/SGMain\"",
					"\"${PODS_ROOT}/Headers/Public/SGNoCaptcha\"",
					"\"${PODS_ROOT}/Headers/Public/SGSecurityBody\"",
					"\"${PODS_ROOT}/Headers/Public/SGUATrace\"",
					"\"${PODS_ROOT}/Headers/Public/SecurityGuardSDK\"",
					"\"${PODS_ROOT}/Headers/Public/TBAccsSDK\"",
					"\"${PODS_ROOT}/Headers/Public/TBDataTransfer\"",
					"\"${PODS_ROOT}/Headers/Public/TBLiveStream\"",
					"\"${PODS_ROOT}/Headers/Public/TBMacroConfig\"",
					"\"${PODS_ROOT}/Headers/Public/TBProtobuf\"",
					"\"${PODS_ROOT}/Headers/Public/TBVideoToolKit\"",
					"\"${PODS_ROOT}/Headers/Public/TMLivePlayerSDK\"",
					"\"${PODS_ROOT}/Headers/Public/TRDEngine\"",
					"\"${PODS_ROOT}/Headers/Public/UTDID\"",
					"\"${PODS_ROOT}/Headers/Public/UriParser-cpp\"",
					"\"${PODS_ROOT}/Headers/Public/UserTrack\"",
					"\"${PODS_ROOT}/Headers/Public/WindVane\"",
					"\"${PODS_ROOT}/Headers/Public/ZipArchive\"",
					"\"${PODS_ROOT}/Headers/Public/glm\"",
					"\"${PODS_ROOT}/Headers/Public/mtopext\"",
					"\"${PODS_ROOT}/Headers/Public/orange\"",
					"\"${PODS_ROOT}/Headers/Public/tnet\"",
				);
				INFOPLIST_FILE = ZeusAudio/Info.plist;
				LD_RUNPATH_SEARCH_PATHS = "$(inherited) @executable_path/Frameworks";
				PRODUCT_BUNDLE_IDENTIFIER = com.lingchen.ZeusAudio;
				PRODUCT_NAME = "$(TARGET_NAME)";
			};
			name = Release;
		};
/* End XCBuildConfiguration section */

/* Begin XCConfigurationList section */
		7A589A7D1E0A813D00A53FCD /* Build configuration list for PBXProject "ZeusAudio" */ = {
			isa = XCConfigurationList;
			buildConfigurations = (
				7A589A971E0A813D00A53FCD /* Debug */,
				7A589A981E0A813D00A53FCD /* Release */,
			);
			defaultConfigurationIsVisible = 0;
			defaultConfigurationName = Release;
		};
		7A589A991E0A813D00A53FCD /* Build configuration list for PBXNativeTarget "ZeusAudio" */ = {
			isa = XCConfigurationList;
			buildConfigurations = (
				7A589A9A1E0A813D00A53FCD /* Debug */,
				7A589A9B1E0A813D00A53FCD /* Release */,
			);
			defaultConfigurationIsVisible = 0;
			defaultConfigurationName = Release;
		};
/* End XCConfigurationList section */
	};
	rootObject = 7A589A7A1E0A813D00A53FCD /* Project object */;
}
